
Microsoft Visual Studio Solution File, Format Version 12.00
# Visual Studio 2012
Project("{F184B08F-C81C-45F6-A57F-5ABD9991F28F}") = "Assign", "Assign\Assign.vbproj", "{4A7BBED8-5309-4B0D-BA06-4EE47A3C1875}"
EndProject
Global
	GlobalSection(SolutionConfigurationPlatforms) = preSolution
		Debug|Any CPU = Debug|Any CPU
		Release|Any CPU = Release|Any CPU
	EndGlobalSection
	GlobalSection(ProjectConfigurationPlatforms) = postSolution
		{4A7BBED8-5309-4B0D-BA06-4EE47A3C1875}.Debug|Any CPU.ActiveCfg = Debug|Any CPU
		{4A7BBED8-5309-4B0D-BA06-4EE47A3C1875}.Debug|Any CPU.Build.0 = Debug|Any CPU
		{4A7BBED8-5309-4B0D-BA06-4EE47A3C1875}.Release|Any CPU.ActiveCfg = Release|Any CPU
		{4A7BBED8-5309-4B0D-BA06-4EE47A3C1875}.Release|Any CPU.Build.0 = Release|Any CPU
	EndGlobalSection
	GlobalSection(SolutionProperties) = preSolution
		HideSolutionNode = FALSE
	EndGlobalSection
EndGlobal
